// !$*UTF8*$!
{
	archiveVersion = 1;
	classes = {
	};
	objectVersion = 77;
	objects = {

/* Begin PBXBuildFile section */
		05F88D9399B0281E0CC940E9 /* SettingsView.swift in Sources */ = {isa = PBXBuildFile; fileRef = 73E6A6C56F6A67A1B3124A2F /* SettingsView.swift */; };
		1293DF560FD0A99057CDDB9F /* ItemsView.swift in Sources */ = {isa = PBXBuildFile; fileRef = A9883A7945229CAB20F67325 /* ItemsView.swift */; };
		16E8A3ECE7B77303BAE4838A /* AileKasaWidget.appex in Embed Foundation Extensions */ = {isa = PBXBuildFile; fileRef = B8951FDEC117FFCB744EB9FA /* AileKasaWidget.appex */; settings = {ATTRIBUTES = (RemoveHeadersOnCopy, ); }; };
		19AD97690391557E889B4320 /* Money.swift in Sources */ = {isa = PBXBuildFile; fileRef = 1382447340E34870395B9EB1 /* Money.swift */; };
		2517641C92385351249F53A0 /* InfoPlist.xcstrings in Resources */ = {isa = PBXBuildFile; fileRef = 7DF32E18352219B50E830F53 /* InfoPlist.xcstrings */; };
		261B4DFE8CC8073DEBB10DAA /* EntryEditorView.swift in Sources */ = {isa = PBXBuildFile; fileRef = A59D86044E0AB63FF6D3D751 /* EntryEditorView.swift */; };
		268CE33BB998AEC74169AE45 /* CloudSharing.swift in Sources */ = {isa = PBXBuildFile; fileRef = FEF5883766A3BCE9C9952191 /* CloudSharing.swift */; };
		2AFE4267E0DEC7F1AF489FCC /* LedgerActions.swift in Sources */ = {isa = PBXBuildFile; fileRef = 2CD2C28E9CE2DEBD19614EDC /* LedgerActions.swift */; };
		303BF4C1610A43F88968973B /* ExportView.swift in Sources */ = {isa = PBXBuildFile; fileRef = 33A73338249BCEB0E4A174C5 /* ExportView.swift */; };
		34745761170CFF8C0E063307 /* AileKasa.xcdatamodeld in Sources */ = {isa = PBXBuildFile; fileRef = 1FED16E908139EE1CFA6D051 /* AileKasa.xcdatamodeld */; };
		371DEEEBA2AFDB5FC0913283 /* HouseholdSync.swift in Sources */ = {isa = PBXBuildFile; fileRef = 92A8F3030A7798122C288B14 /* HouseholdSync.swift */; };
		4057D87EAB02E8C384B2D572 /* PersistenceController.swift in Sources */ = {isa = PBXBuildFile; fileRef = 8603ECFF11175CDD147E306D /* PersistenceController.swift */; };
		47C2491270A9181EE13881F8 /* Components.swift in Sources */ = {isa = PBXBuildFile; fileRef = 297B56781C8751F38C52D76E /* Components.swift */; };
		5AE7E86FDA126D8ABE2FFD6E /* GridView.swift in Sources */ = {isa = PBXBuildFile; fileRef = F89903DFD30975F16949A985 /* GridView.swift */; };
		5CE7B16DB391069A20E9A607 /* Month.swift in Sources */ = {isa = PBXBuildFile; fileRef = 067F984FF3F9E5C13B39DD21 /* Month.swift */; };
		6C01AAE9A57A54567F253DAB /* ItemEditorView.swift in Sources */ = {isa = PBXBuildFile; fileRef = F4B30F93860E3B98E2204CB9 /* ItemEditorView.swift */; };
		6C3DFE3BA61F3CDDA4B0CC07 /* RateService.swift in Sources */ = {isa = PBXBuildFile; fileRef = 0CDFEC99EBEAF499761D8668 /* RateService.swift */; };
		74B3735C9BCAFE0C810950E2 /* AppLanguage.swift in Sources */ = {isa = PBXBuildFile; fileRef = 5422B3C12F07B8F5B71DCFD1 /* AppLanguage.swift */; };
		76ACE4B693FB5916C576ED8B /* Localizable.xcstrings in Resources */ = {isa = PBXBuildFile; fileRef = 396056DDF31B9968DA7FA879 /* Localizable.xcstrings */; };
		7A1725054A9F45E999509DD1 /* SummaryView.swift in Sources */ = {isa = PBXBuildFile; fileRef = 8ABF1F1B0F36098DF07CED85 /* SummaryView.swift */; };
		844057A856D5A1FBD7422FB0 /* AileKasaWidget.swift in Sources */ = {isa = PBXBuildFile; fileRef = 383383A075B0649FDBA26C37 /* AileKasaWidget.swift */; };
		8D2515F26E8F3E0AB4B73D0D /* Reminders.swift in Sources */ = {isa = PBXBuildFile; fileRef = 7120561EDE1C6D7415B103E9 /* Reminders.swift */; };
		8DFD584AE6BE4D59062D96DA /* SampleData.swift in Sources */ = {isa = PBXBuildFile; fileRef = B22FACBB2EBD83D23072F141 /* SampleData.swift */; };
		8E5BEB31E92B4FE720F2232A /* WidgetSnapshot.swift in Sources */ = {isa = PBXBuildFile; fileRef = 5F469415488FB967EC16B717 /* WidgetSnapshot.swift */; };
		92C7396DBF5331918C6D77C0 /* MonthView.swift in Sources */ = {isa = PBXBuildFile; fileRef = D3A6B9255677382C25259368 /* MonthView.swift */; };
		A0944AF3F16391CCBEAA5214 /* AccountsView.swift in Sources */ = {isa = PBXBuildFile; fileRef = 128E29828B745A6E14E2A0B8 /* AccountsView.swift */; };
		A0FE83D16A4BCC46B3405143 /* IBAN.swift in Sources */ = {isa = PBXBuildFile; fileRef = 09B643CE6449F36528DFEFE8 /* IBAN.swift */; };
		A4605A5C0CD5195231BBE609 /* AileKasaApp.swift in Sources */ = {isa = PBXBuildFile; fileRef = A00421585ED1E78C6759F399 /* AileKasaApp.swift */; };
		A7A90DBB43D120CEF353500E /* LedgerTests.swift in Sources */ = {isa = PBXBuildFile; fileRef = 0E54240F3A7688A35718035E /* LedgerTests.swift */; };
		AA55576D29CFA86EC0F0AECA /* Theme.swift in Sources */ = {isa = PBXBuildFile; fileRef = 7C3C0360FDA7D7F7C4891006 /* Theme.swift */; };
		BA0364217FD8C7644914AB80 /* WidgetSnapshot.swift in Sources */ = {isa = PBXBuildFile; fileRef = 5F469415488FB967EC16B717 /* WidgetSnapshot.swift */; };
		BA27CFF9F446CAF7CFCF35D4 /* WidgetPublisher.swift in Sources */ = {isa = PBXBuildFile; fileRef = 025FCB2D19672E79001932E3 /* WidgetPublisher.swift */; };
		C5A650BC8E668BCF89689E77 /* Ledger.swift in Sources */ = {isa = PBXBuildFile; fileRef = 36BE4EAB9FD57FE0B9337309 /* Ledger.swift */; };
		C7D7A6B8097922B4F70F8949 /* AccountEditorView.swift in Sources */ = {isa = PBXBuildFile; fileRef = 75866A4AF5A5BFF8940968EE /* AccountEditorView.swift */; };
		D00A65ADB011D9D8B5B512B5 /* SharingSection.swift in Sources */ = {isa = PBXBuildFile; fileRef = 1CC8BB8235D14C1AD706178E /* SharingSection.swift */; };
		D6694541AF656DF2688F6B21 /* AppLock.swift in Sources */ = {isa = PBXBuildFile; fileRef = 7F33F0DD0EBA1F5E00520535 /* AppLock.swift */; };
		E07431D4B0F4613F7AC15868 /* ManagedObjects.swift in Sources */ = {isa = PBXBuildFile; fileRef = B2D6E11BF4B6EFDD0226CB07 /* ManagedObjects.swift */; };
		E1947254F5D98E9C92D67B20 /* CSVExport.swift in Sources */ = {isa = PBXBuildFile; fileRef = 9743E2EBC10E2DD9DDD0AC47 /* CSVExport.swift */; };
		EBDBC50349DF9F81C5958608 /* ReportView.swift in Sources */ = {isa = PBXBuildFile; fileRef = 522D3C6BF42C3C050E1945CD /* ReportView.swift */; };
		F4F9E3B0CD8F209EAB74D8CB /* Assets.xcassets in Resources */ = {isa = PBXBuildFile; fileRef = 4B29F45C26A72024D0C01D39 /* Assets.xcassets */; };
		F934919C210F6940A3C3594F /* Enums.swift in Sources */ = {isa = PBXBuildFile; fileRef = 923D41B0C6186B2BB45CE533 /* Enums.swift */; };
		FAF3190B1504566A2FB71739 /* Localizable.xcstrings in Resources */ = {isa = PBXBuildFile; fileRef = 049E1400C0B096A7CE1067C8 /* Localizable.xcstrings */; };
/* End PBXBuildFile section */

/* Begin PBXContainerItemProxy section */
		841EC210828E3805B7AE7634 /* PBXContainerItemProxy */ = {
			isa = PBXContainerItemProxy;
			containerPortal = B66C6BFDA007F8FCC2C70479 /* Project object */;
			proxyType = 1;
			remoteGlobalIDString = D23DCBF72BC6553086AA1031;
			remoteInfo = AileKasaWidget;
		};
		BD4B814EDFCDA58675D50EB8 /* PBXContainerItemProxy */ = {
			isa = PBXContainerItemProxy;
			containerPortal = B66C6BFDA007F8FCC2C70479 /* Project object */;
			proxyType = 1;
			remoteGlobalIDString = 28B101539C7455E05FA7D8DC;
			remoteInfo = AileKasa;
		};
/* End PBXContainerItemProxy section */

/* Begin PBXCopyFilesBuildPhase section */
		AA0F628D063F3E758098B34A /* Embed Foundation Extensions */ = {
			isa = PBXCopyFilesBuildPhase;
			buildActionMask = 2147483647;
			dstPath = "";
			dstSubfolderSpec = 13;
			files = (
				16E8A3ECE7B77303BAE4838A /* AileKasaWidget.appex in Embed Foundation Extensions */,
			);
			name = "Embed Foundation Extensions";
			runOnlyForDeploymentPostprocessing = 0;
		};
/* End PBXCopyFilesBuildPhase section */

/* Begin PBXFileReference section */
		025FCB2D19672E79001932E3 /* WidgetPublisher.swift */ = {isa = PBXFileReference; lastKnownFileType = sourcecode.swift; path = WidgetPublisher.swift; sourceTree = "<group>"; };
		049E1400C0B096A7CE1067C8 /* Localizable.xcstrings */ = {isa = PBXFileReference; lastKnownFileType = text.json.xcstrings; path = Localizable.xcstrings; sourceTree = "<group>"; };
		067F984FF3F9E5C13B39DD21 /* Month.swift */ = {isa = PBXFileReference; lastKnownFileType = sourcecode.swift; path = Month.swift; sourceTree = "<group>"; };
		09B643CE6449F36528DFEFE8 /* IBAN.swift */ = {isa = PBXFileReference; lastKnownFileType = sourcecode.swift; path = IBAN.swift; sourceTree = "<group>"; };
		0CDFEC99EBEAF499761D8668 /* RateService.swift */ = {isa = PBXFileReference; lastKnownFileType = sourcecode.swift; path = RateService.swift; sourceTree = "<group>"; };
		0E54240F3A7688A35718035E /* LedgerTests.swift */ = {isa = PBXFileReference; lastKnownFileType = sourcecode.swift; path = LedgerTests.swift; sourceTree = "<group>"; };
		128E29828B745A6E14E2A0B8 /* AccountsView.swift */ = {isa = PBXFileReference; lastKnownFileType = sourcecode.swift; path = AccountsView.swift; sourceTree = "<group>"; };
		1382447340E34870395B9EB1 /* Money.swift */ = {isa = PBXFileReference; lastKnownFileType = sourcecode.swift; path = Money.swift; sourceTree = "<group>"; };
		1CC8BB8235D14C1AD706178E /* SharingSection.swift */ = {isa = PBXFileReference; lastKnownFileType = sourcecode.swift; path = SharingSection.swift; sourceTree = "<group>"; };
		28E63C32539B4258CAEB70F4 /* AileKasa.xcdatamodel */ = {isa = PBXFileReference; lastKnownFileType = wrapper.xcdatamodel; path = AileKasa.xcdatamodel; sourceTree = "<group>"; };
		297B56781C8751F38C52D76E /* Components.swift */ = {isa = PBXFileReference; lastKnownFileType = sourcecode.swift; path = Components.swift; sourceTree = "<group>"; };
		2CD2C28E9CE2DEBD19614EDC /* LedgerActions.swift */ = {isa = PBXFileReference; lastKnownFileType = sourcecode.swift; path = LedgerActions.swift; sourceTree = "<group>"; };
		33A73338249BCEB0E4A174C5 /* ExportView.swift */ = {isa = PBXFileReference; lastKnownFileType = sourcecode.swift; path = ExportView.swift; sourceTree = "<group>"; };
		36BE4EAB9FD57FE0B9337309 /* Ledger.swift */ = {isa = PBXFileReference; lastKnownFileType = sourcecode.swift; path = Ledger.swift; sourceTree = "<group>"; };
		383383A075B0649FDBA26C37 /* AileKasaWidget.swift */ = {isa = PBXFileReference; lastKnownFileType = sourcecode.swift; path = AileKasaWidget.swift; sourceTree = "<group>"; };
		396056DDF31B9968DA7FA879 /* Localizable.xcstrings */ = {isa = PBXFileReference; lastKnownFileType = text.json.xcstrings; path = Localizable.xcstrings; sourceTree = "<group>"; };
		4B29F45C26A72024D0C01D39 /* Assets.xcassets */ = {isa = PBXFileReference; lastKnownFileType = folder.assetcatalog; path = Assets.xcassets; sourceTree = "<group>"; };
		522D3C6BF42C3C050E1945CD /* ReportView.swift */ = {isa = PBXFileReference; lastKnownFileType = sourcecode.swift; path = ReportView.swift; sourceTree = "<group>"; };
		5422B3C12F07B8F5B71DCFD1 /* AppLanguage.swift */ = {isa = PBXFileReference; lastKnownFileType = sourcecode.swift; path = AppLanguage.swift; sourceTree = "<group>"; };
		5F469415488FB967EC16B717 /* WidgetSnapshot.swift */ = {isa = PBXFileReference; lastKnownFileType = sourcecode.swift; path = WidgetSnapshot.swift; sourceTree = "<group>"; };
		64C8E04AC786FFB847445396 /* Info.plist */ = {isa = PBXFileReference; lastKnownFileType = text.plist; path = Info.plist; sourceTree = "<group>"; };
		7120561EDE1C6D7415B103E9 /* Reminders.swift */ = {isa = PBXFileReference; lastKnownFileType = sourcecode.swift; path = Reminders.swift; sourceTree = "<group>"; };
		73E6A6C56F6A67A1B3124A2F /* SettingsView.swift */ = {isa = PBXFileReference; lastKnownFileType = sourcecode.swift; path = SettingsView.swift; sourceTree = "<group>"; };
		75866A4AF5A5BFF8940968EE /* AccountEditorView.swift */ = {isa = PBXFileReference; lastKnownFileType = sourcecode.swift; path = AccountEditorView.swift; sourceTree = "<group>"; };
		7BE6E2399E48A990CCC3FFEF /* AileKasaWidget.entitlements */ = {isa = PBXFileReference; lastKnownFileType = text.plist.entitlements; path = AileKasaWidget.entitlements; sourceTree = "<group>"; };
		7C3C0360FDA7D7F7C4891006 /* Theme.swift */ = {isa = PBXFileReference; lastKnownFileType = sourcecode.swift; path = Theme.swift; sourceTree = "<group>"; };
		7D03249BE031ECD838827110 /* AileKasa.entitlements */ = {isa = PBXFileReference; lastKnownFileType = text.plist.entitlements; path = AileKasa.entitlements; sourceTree = "<group>"; };
		7DF32E18352219B50E830F53 /* InfoPlist.xcstrings */ = {isa = PBXFileReference; lastKnownFileType = text.json.xcstrings; path = InfoPlist.xcstrings; sourceTree = "<group>"; };
		7F33F0DD0EBA1F5E00520535 /* AppLock.swift */ = {isa = PBXFileReference; lastKnownFileType = sourcecode.swift; path = AppLock.swift; sourceTree = "<group>"; };
		84E6424CB96B8C22DA94C23F /* AileKasa 2.xcdatamodel */ = {isa = PBXFileReference; lastKnownFileType = wrapper.xcdatamodel; path = "AileKasa 2.xcdatamodel"; sourceTree = "<group>"; };
		8603ECFF11175CDD147E306D /* PersistenceController.swift */ = {isa = PBXFileReference; lastKnownFileType = sourcecode.swift; path = PersistenceController.swift; sourceTree = "<group>"; };
		8793520F2987A4B8ECD348CB /* Info.plist */ = {isa = PBXFileReference; lastKnownFileType = text.plist; path = Info.plist; sourceTree = "<group>"; };
		8ABF1F1B0F36098DF07CED85 /* SummaryView.swift */ = {isa = PBXFileReference; lastKnownFileType = sourcecode.swift; path = SummaryView.swift; sourceTree = "<group>"; };
		923D41B0C6186B2BB45CE533 /* Enums.swift */ = {isa = PBXFileReference; lastKnownFileType = sourcecode.swift; path = Enums.swift; sourceTree = "<group>"; };
		92A8F3030A7798122C288B14 /* HouseholdSync.swift */ = {isa = PBXFileReference; lastKnownFileType = sourcecode.swift; path = HouseholdSync.swift; sourceTree = "<group>"; };
		9743E2EBC10E2DD9DDD0AC47 /* CSVExport.swift */ = {isa = PBXFileReference; lastKnownFileType = sourcecode.swift; path = CSVExport.swift; sourceTree = "<group>"; };
		A00421585ED1E78C6759F399 /* AileKasaApp.swift */ = {isa = PBXFileReference; lastKnownFileType = sourcecode.swift; path = AileKasaApp.swift; sourceTree = "<group>"; };
		A59D86044E0AB63FF6D3D751 /* EntryEditorView.swift */ = {isa = PBXFileReference; lastKnownFileType = sourcecode.swift; path = EntryEditorView.swift; sourceTree = "<group>"; };
		A80159089CAD251EE5DBBC89 /* AileKasaTests.xctest */ = {isa = PBXFileReference; includeInIndex = 0; lastKnownFileType = wrapper.cfbundle; path = AileKasaTests.xctest; sourceTree = BUILT_PRODUCTS_DIR; };
		A9883A7945229CAB20F67325 /* ItemsView.swift */ = {isa = PBXFileReference; lastKnownFileType = sourcecode.swift; path = ItemsView.swift; sourceTree = "<group>"; };
		B22FACBB2EBD83D23072F141 /* SampleData.swift */ = {isa = PBXFileReference; lastKnownFileType = sourcecode.swift; path = SampleData.swift; sourceTree = "<group>"; };
		B2D6E11BF4B6EFDD0226CB07 /* ManagedObjects.swift */ = {isa = PBXFileReference; lastKnownFileType = sourcecode.swift; path = ManagedObjects.swift; sourceTree = "<group>"; };
		B8951FDEC117FFCB744EB9FA /* AileKasaWidget.appex */ = {isa = PBXFileReference; includeInIndex = 0; lastKnownFileType = "wrapper.app-extension"; path = AileKasaWidget.appex; sourceTree = BUILT_PRODUCTS_DIR; };
		D3A6B9255677382C25259368 /* MonthView.swift */ = {isa = PBXFileReference; lastKnownFileType = sourcecode.swift; path = MonthView.swift; sourceTree = "<group>"; };
		DB3DB836129A99718E8A087E /* AileKasa.app */ = {isa = PBXFileReference; includeInIndex = 0; lastKnownFileType = wrapper.application; path = AileKasa.app; sourceTree = BUILT_PRODUCTS_DIR; };
		F4B30F93860E3B98E2204CB9 /* ItemEditorView.swift */ = {isa = PBXFileReference; lastKnownFileType = sourcecode.swift; path = ItemEditorView.swift; sourceTree = "<group>"; };
		F89903DFD30975F16949A985 /* GridView.swift */ = {isa = PBXFileReference; lastKnownFileType = sourcecode.swift; path = GridView.swift; sourceTree = "<group>"; };
		FEF5883766A3BCE9C9952191 /* CloudSharing.swift */ = {isa = PBXFileReference; lastKnownFileType = sourcecode.swift; path = CloudSharing.swift; sourceTree = "<group>"; };
/* End PBXFileReference section */

/* Begin PBXGroup section */
		0FDE4FE7AD53643AADF50D28 /* Month */ = {
			isa = PBXGroup;
			children = (
				D3A6B9255677382C25259368 /* MonthView.swift */,
			);
			path = Month;
			sourceTree = "<group>";
		};
		12A387B7CAF9BBC763ECA114 /* Entry */ = {
			isa = PBXGroup;
			children = (
				A59D86044E0AB63FF6D3D751 /* EntryEditorView.swift */,
			);
			path = Entry;
			sourceTree = "<group>";
		};
		1E2A52833A9605BC33570E76 /* Settings */ = {
			isa = PBXGroup;
			children = (
				33A73338249BCEB0E4A174C5 /* ExportView.swift */,
				73E6A6C56F6A67A1B3124A2F /* SettingsView.swift */,
				1CC8BB8235D14C1AD706178E /* SharingSection.swift */,
			);
			path = Settings;
			sourceTree = "<group>";
		};
		1F6C80913A40634C2C95C204 /* Domain */ = {
			isa = PBXGroup;
			children = (
				5422B3C12F07B8F5B71DCFD1 /* AppLanguage.swift */,
				9743E2EBC10E2DD9DDD0AC47 /* CSVExport.swift */,
				09B643CE6449F36528DFEFE8 /* IBAN.swift */,
				36BE4EAB9FD57FE0B9337309 /* Ledger.swift */,
				1382447340E34870395B9EB1 /* Money.swift */,
				0CDFEC99EBEAF499761D8668 /* RateService.swift */,
				7120561EDE1C6D7415B103E9 /* Reminders.swift */,
				025FCB2D19672E79001932E3 /* WidgetPublisher.swift */,
			);
			path = Domain;
			sourceTree = "<group>";
		};
		25A33454F2B9A157FF0ABA94 /* Design */ = {
			isa = PBXGroup;
			children = (
				297B56781C8751F38C52D76E /* Components.swift */,
				7C3C0360FDA7D7F7C4891006 /* Theme.swift */,
			);
			path = Design;
			sourceTree = "<group>";
		};
		265B29FF914364C61850FA58 /* Accounts */ = {
			isa = PBXGroup;
			children = (
				75866A4AF5A5BFF8940968EE /* AccountEditorView.swift */,
				128E29828B745A6E14E2A0B8 /* AccountsView.swift */,
			);
			path = Accounts;
			sourceTree = "<group>";
		};
		48B80A627D1502B499745E18 /* Persistence */ = {
			isa = PBXGroup;
			children = (
				92A8F3030A7798122C288B14 /* HouseholdSync.swift */,
				2CD2C28E9CE2DEBD19614EDC /* LedgerActions.swift */,
				8603ECFF11175CDD147E306D /* PersistenceController.swift */,
				B22FACBB2EBD83D23072F141 /* SampleData.swift */,
			);
			path = Persistence;
			sourceTree = "<group>";
		};
		4BB47C1A1A49EC18896ED104 /* Products */ = {
			isa = PBXGroup;
			children = (
				DB3DB836129A99718E8A087E /* AileKasa.app */,
				A80159089CAD251EE5DBBC89 /* AileKasaTests.xctest */,
				B8951FDEC117FFCB744EB9FA /* AileKasaWidget.appex */,
			);
			name = Products;
			sourceTree = "<group>";
		};
		4F4982B7E0CD557736CC9564 /* AileKasa */ = {
			isa = PBXGroup;
			children = (
				7D03249BE031ECD838827110 /* AileKasa.entitlements */,
				8793520F2987A4B8ECD348CB /* Info.plist */,
				820310EEF70E05C324C0F677 /* App */,
				25A33454F2B9A157FF0ABA94 /* Design */,
				1F6C80913A40634C2C95C204 /* Domain */,
				73114F89C8894DCBAB58FCA4 /* Features */,
				E369CC5A40C6239D191E04D2 /* Model */,
				48B80A627D1502B499745E18 /* Persistence */,
				6E61214B25766A7273CFFA2D /* Resources */,
				92542F0BE14DF26B072E0755 /* Shared */,
			);
			path = AileKasa;
			sourceTree = "<group>";
		};
		58000B150220F323A41FF979 /* AileKasaTests */ = {
			isa = PBXGroup;
			children = (
				0E54240F3A7688A35718035E /* LedgerTests.swift */,
			);
			path = AileKasaTests;
			sourceTree = "<group>";
		};
		6E61214B25766A7273CFFA2D /* Resources */ = {
			isa = PBXGroup;
			children = (
				4B29F45C26A72024D0C01D39 /* Assets.xcassets */,
				7DF32E18352219B50E830F53 /* InfoPlist.xcstrings */,
				049E1400C0B096A7CE1067C8 /* Localizable.xcstrings */,
			);
			path = Resources;
			sourceTree = "<group>";
		};
		73114F89C8894DCBAB58FCA4 /* Features */ = {
			isa = PBXGroup;
			children = (
				265B29FF914364C61850FA58 /* Accounts */,
				12A387B7CAF9BBC763ECA114 /* Entry */,
				946E4C7553DF91233128B911 /* Grid */,
				AF3A8CF42BA3B62F7721AF1E /* Items */,
				0FDE4FE7AD53643AADF50D28 /* Month */,
				AB7FC75D18C9352B4235576F /* Report */,
				1E2A52833A9605BC33570E76 /* Settings */,
				EC7D17D5CC04AC4005073FEB /* Summary */,
			);
			path = Features;
			sourceTree = "<group>";
		};
		820310EEF70E05C324C0F677 /* App */ = {
			isa = PBXGroup;
			children = (
				A00421585ED1E78C6759F399 /* AileKasaApp.swift */,
				7F33F0DD0EBA1F5E00520535 /* AppLock.swift */,
				FEF5883766A3BCE9C9952191 /* CloudSharing.swift */,
			);
			path = App;
			sourceTree = "<group>";
		};
		92542F0BE14DF26B072E0755 /* Shared */ = {
			isa = PBXGroup;
			children = (
				5F469415488FB967EC16B717 /* WidgetSnapshot.swift */,
			);
			path = Shared;
			sourceTree = "<group>";
		};
		946E4C7553DF91233128B911 /* Grid */ = {
			isa = PBXGroup;
			children = (
				F89903DFD30975F16949A985 /* GridView.swift */,
			);
			path = Grid;
			sourceTree = "<group>";
		};
		AB7FC75D18C9352B4235576F /* Report */ = {
			isa = PBXGroup;
			children = (
				522D3C6BF42C3C050E1945CD /* ReportView.swift */,
			);
			path = Report;
			sourceTree = "<group>";
		};
		AF3A8CF42BA3B62F7721AF1E /* Items */ = {
			isa = PBXGroup;
			children = (
				F4B30F93860E3B98E2204CB9 /* ItemEditorView.swift */,
				A9883A7945229CAB20F67325 /* ItemsView.swift */,
			);
			path = Items;
			sourceTree = "<group>";
		};
		E369CC5A40C6239D191E04D2 /* Model */ = {
			isa = PBXGroup;
			children = (
				923D41B0C6186B2BB45CE533 /* Enums.swift */,
				B2D6E11BF4B6EFDD0226CB07 /* ManagedObjects.swift */,
				067F984FF3F9E5C13B39DD21 /* Month.swift */,
				1FED16E908139EE1CFA6D051 /* AileKasa.xcdatamodeld */,
			);
			path = Model;
			sourceTree = "<group>";
		};
		EC7D17D5CC04AC4005073FEB /* Summary */ = {
			isa = PBXGroup;
			children = (
				8ABF1F1B0F36098DF07CED85 /* SummaryView.swift */,
			);
			path = Summary;
			sourceTree = "<group>";
		};
		F34A5E90FA8938FEF7B2D264 = {
			isa = PBXGroup;
			children = (
				4F4982B7E0CD557736CC9564 /* AileKasa */,
				58000B150220F323A41FF979 /* AileKasaTests */,
				F9A4365460B463EB0656EA92 /* AileKasaWidget */,
				4BB47C1A1A49EC18896ED104 /* Products */,
			);
			sourceTree = "<group>";
		};
		F9A4365460B463EB0656EA92 /* AileKasaWidget */ = {
			isa = PBXGroup;
			children = (
				7BE6E2399E48A990CCC3FFEF /* AileKasaWidget.entitlements */,
				383383A075B0649FDBA26C37 /* AileKasaWidget.swift */,
				64C8E04AC786FFB847445396 /* Info.plist */,
				396056DDF31B9968DA7FA879 /* Localizable.xcstrings */,
			);
			path = AileKasaWidget;
			sourceTree = "<group>";
		};
/* End PBXGroup section */

/* Begin PBXNativeTarget section */
		28B101539C7455E05FA7D8DC /* AileKasa */ = {
			isa = PBXNativeTarget;
			buildConfigurationList = B3DA2D6E501BCC39904EE923 /* Build configuration list for PBXNativeTarget "AileKasa" */;
			buildPhases = (
				E0C8A0BC60248D5F697B78AF /* Sources */,
				5C2E1BE2DC26CE627946F37E /* Resources */,
				AA0F628D063F3E758098B34A /* Embed Foundation Extensions */,
			);
			buildRules = (
			);
			dependencies = (
				8ACA1FDF8BC60F49C15D269F /* PBXTargetDependency */,
			);
			name = AileKasa;
			packageProductDependencies = (
			);
			productName = AileKasa;
			productReference = DB3DB836129A99718E8A087E /* AileKasa.app */;
			productType = "com.apple.product-type.application";
		};
		2A1CF72D902A8D1A5ADECD3B /* AileKasaTests */ = {
			isa = PBXNativeTarget;
			buildConfigurationList = D0994894CB81D615882BBFEB /* Build configuration list for PBXNativeTarget "AileKasaTests" */;
			buildPhases = (
				DE3195450EA8A314AFFC2C8C /* Sources */,
			);
			buildRules = (
			);
			dependencies = (
				C4F86A57FA43756ADCEE8884 /* PBXTargetDependency */,
			);
			name = AileKasaTests;
			packageProductDependencies = (
			);
			productName = AileKasaTests;
			productReference = A80159089CAD251EE5DBBC89 /* AileKasaTests.xctest */;
			productType = "com.apple.product-type.bundle.unit-test";
		};
		D23DCBF72BC6553086AA1031 /* AileKasaWidget */ = {
			isa = PBXNativeTarget;
			buildConfigurationList = FD5E6EECFDB4D90AFC65F188 /* Build configuration list for PBXNativeTarget "AileKasaWidget" */;
			buildPhases = (
				69DC609648968CFD3E41BE1B /* Sources */,
				D8CC38C90038684A258F1AD7 /* Resources */,
			);
			buildRules = (
			);
			dependencies = (
			);
			name = AileKasaWidget;
			packageProductDependencies = (
			);
			productName = AileKasaWidget;
			productReference = B8951FDEC117FFCB744EB9FA /* AileKasaWidget.appex */;
			productType = "com.apple.product-type.app-extension";
		};
/* End PBXNativeTarget section */

/* Begin PBXProject section */
		B66C6BFDA007F8FCC2C70479 /* Project object */ = {
			isa = PBXProject;
			attributes = {
				BuildIndependentTargetsInParallel = YES;
				LastUpgradeCheck = 1430;
				TargetAttributes = {
					28B101539C7455E05FA7D8DC = {
						ProvisioningStyle = Automatic;
					};
					D23DCBF72BC6553086AA1031 = {
						ProvisioningStyle = Automatic;
					};
				};
			};
			buildConfigurationList = CF6FD114F2E27E9F0FB791F2 /* Build configuration list for PBXProject "AileKasa" */;
			developmentRegion = tr;
			hasScannedForEncodings = 0;
			knownRegions = (
				Base,
				en,
				tr,
			);
			mainGroup = F34A5E90FA8938FEF7B2D264;
			minimizedProjectReferenceProxies = 1;
			preferredProjectObjectVersion = 77;
			productRefGroup = 4BB47C1A1A49EC18896ED104 /* Products */;
			projectDirPath = "";
			projectRoot = "";
			targets = (
				28B101539C7455E05FA7D8DC /* AileKasa */,
				2A1CF72D902A8D1A5ADECD3B /* AileKasaTests */,
				D23DCBF72BC6553086AA1031 /* AileKasaWidget */,
			);
		};
/* End PBXProject section */

/* Begin PBXResourcesBuildPhase section */
		5C2E1BE2DC26CE627946F37E /* Resources */ = {
			isa = PBXResourcesBuildPhase;
			buildActionMask = 2147483647;
			files = (
				F4F9E3B0CD8F209EAB74D8CB /* Assets.xcassets in Resources */,
				2517641C92385351249F53A0 /* InfoPlist.xcstrings in Resources */,
				FAF3190B1504566A2FB71739 /* Localizable.xcstrings in Resources */,
			);
			runOnlyForDeploymentPostprocessing = 0;
		};
		D8CC38C90038684A258F1AD7 /* Resources */ = {
			isa = PBXResourcesBuildPhase;
			buildActionMask = 2147483647;
			files = (
				76ACE4B693FB5916C576ED8B /* Localizable.xcstrings in Resources */,
			);
			runOnlyForDeploymentPostprocessing = 0;
		};
/* End PBXResourcesBuildPhase section */

/* Begin PBXSourcesBuildPhase section */
		69DC609648968CFD3E41BE1B /* Sources */ = {
			isa = PBXSourcesBuildPhase;
			buildActionMask = 2147483647;
			files = (
				844057A856D5A1FBD7422FB0 /* AileKasaWidget.swift in Sources */,
				8E5BEB31E92B4FE720F2232A /* WidgetSnapshot.swift in Sources */,
			);
			runOnlyForDeploymentPostprocessing = 0;
		};
		DE3195450EA8A314AFFC2C8C /* Sources */ = {
			isa = PBXSourcesBuildPhase;
			buildActionMask = 2147483647;
			files = (
				A7A90DBB43D120CEF353500E /* LedgerTests.swift in Sources */,
			);
			runOnlyForDeploymentPostprocessing = 0;
		};
		E0C8A0BC60248D5F697B78AF /* Sources */ = {
			isa = PBXSourcesBuildPhase;
			buildActionMask = 2147483647;
			files = (
				C7D7A6B8097922B4F70F8949 /* AccountEditorView.swift in Sources */,
				A0944AF3F16391CCBEAA5214 /* AccountsView.swift in Sources */,
				34745761170CFF8C0E063307 /* AileKasa.xcdatamodeld in Sources */,
				A4605A5C0CD5195231BBE609 /* AileKasaApp.swift in Sources */,
				74B3735C9BCAFE0C810950E2 /* AppLanguage.swift in Sources */,
				D6694541AF656DF2688F6B21 /* AppLock.swift in Sources */,
				E1947254F5D98E9C92D67B20 /* CSVExport.swift in Sources */,
				268CE33BB998AEC74169AE45 /* CloudSharing.swift in Sources */,
				47C2491270A9181EE13881F8 /* Components.swift in Sources */,
				261B4DFE8CC8073DEBB10DAA /* EntryEditorView.swift in Sources */,
				F934919C210F6940A3C3594F /* Enums.swift in Sources */,
				303BF4C1610A43F88968973B /* ExportView.swift in Sources */,
				5AE7E86FDA126D8ABE2FFD6E /* GridView.swift in Sources */,
				371DEEEBA2AFDB5FC0913283 /* HouseholdSync.swift in Sources */,
				A0FE83D16A4BCC46B3405143 /* IBAN.swift in Sources */,
				6C01AAE9A57A54567F253DAB /* ItemEditorView.swift in Sources */,
				1293DF560FD0A99057CDDB9F /* ItemsView.swift in Sources */,
				C5A650BC8E668BCF89689E77 /* Ledger.swift in Sources */,
				2AFE4267E0DEC7F1AF489FCC /* LedgerActions.swift in Sources */,
				E07431D4B0F4613F7AC15868 /* ManagedObjects.swift in Sources */,
				19AD97690391557E889B4320 /* Money.swift in Sources */,
				5CE7B16DB391069A20E9A607 /* Month.swift in Sources */,
				92C7396DBF5331918C6D77C0 /* MonthView.swift in Sources */,
				4057D87EAB02E8C384B2D572 /* PersistenceController.swift in Sources */,
				6C3DFE3BA61F3CDDA4B0CC07 /* RateService.swift in Sources */,
				8D2515F26E8F3E0AB4B73D0D /* Reminders.swift in Sources */,
				EBDBC50349DF9F81C5958608 /* ReportView.swift in Sources */,
				8DFD584AE6BE4D59062D96DA /* SampleData.swift in Sources */,
				05F88D9399B0281E0CC940E9 /* SettingsView.swift in Sources */,
				D00A65ADB011D9D8B5B512B5 /* SharingSection.swift in Sources */,
				7A1725054A9F45E999509DD1 /* SummaryView.swift in Sources */,
				AA55576D29CFA86EC0F0AECA /* Theme.swift in Sources */,
				BA27CFF9F446CAF7CFCF35D4 /* WidgetPublisher.swift in Sources */,
				BA0364217FD8C7644914AB80 /* WidgetSnapshot.swift in Sources */,
			);
			runOnlyForDeploymentPostprocessing = 0;
		};
/* End PBXSourcesBuildPhase section */

/* Begin PBXTargetDependency section */
		8ACA1FDF8BC60F49C15D269F /* PBXTargetDependency */ = {
			isa = PBXTargetDependency;
			target = D23DCBF72BC6553086AA1031 /* AileKasaWidget */;
			targetProxy = 841EC210828E3805B7AE7634 /* PBXContainerItemProxy */;
		};
		C4F86A57FA43756ADCEE8884 /* PBXTargetDependency */ = {
			isa = PBXTargetDependency;
			target = 28B101539C7455E05FA7D8DC /* AileKasa */;
			targetProxy = BD4B814EDFCDA58675D50EB8 /* PBXContainerItemProxy */;
		};
/* End PBXTargetDependency section */

/* Begin XCBuildConfiguration section */
		2FC80CC0D2FA3177B20EA742 /* Debug */ = {
			isa = XCBuildConfiguration;
			buildSettings = {
				BUNDLE_LOADER = "$(TEST_HOST)";
				GENERATE_INFOPLIST_FILE = YES;
				LD_RUNPATH_SEARCH_PATHS = (
					"$(inherited)",
					"@executable_path/Frameworks",
					"@loader_path/Frameworks",
				);
				PRODUCT_BUNDLE_IDENTIFIER = com.yakupad.AileKasaTests;
				SDKROOT = iphoneos;
				TARGETED_DEVICE_FAMILY = "1,2";
				TEST_HOST = "$(BUILT_PRODUCTS_DIR)/AileKasa.app/AileKasa";
			};
			name = Debug;
		};
		47A4BEB92475C10EDB6015B8 /* Release */ = {
			isa = XCBuildConfiguration;
			buildSettings = {
				ALWAYS_SEARCH_USER_PATHS = NO;
				CLANG_ANALYZER_NONNULL = YES;
				CLANG_ANALYZER_NUMBER_OBJECT_CONVERSION = YES_AGGRESSIVE;
				CLANG_CXX_LANGUAGE_STANDARD = "gnu++14";
				CLANG_CXX_LIBRARY = "libc++";
				CLANG_ENABLE_MODULES = YES;
				CLANG_ENABLE_OBJC_ARC = YES;
				CLANG_ENABLE_OBJC_WEAK = YES;
				CLANG_WARN_BLOCK_CAPTURE_AUTORELEASING = YES;
				CLANG_WARN_BOOL_CONVERSION = YES;
				CLANG_WARN_COMMA = YES;
				CLANG_WARN_CONSTANT_CONVERSION = YES;
				CLANG_WARN_DEPRECATED_OBJC_IMPLEMENTATIONS = YES;
				CLANG_WARN_DIRECT_OBJC_ISA_USAGE = YES_ERROR;
				CLANG_WARN_DOCUMENTATION_COMMENTS = YES;
				CLANG_WARN_EMPTY_BODY = YES;
				CLANG_WARN_ENUM_CONVERSION = YES;
				CLANG_WARN_INFINITE_RECURSION = YES;
				CLANG_WARN_INT_CONVERSION = YES;
				CLANG_WARN_NON_LITERAL_NULL_CONVERSION = YES;
				CLANG_WARN_OBJC_IMPLICIT_RETAIN_SELF = YES;
				CLANG_WARN_OBJC_LITERAL_CONVERSION = YES;
				CLANG_WARN_OBJC_ROOT_CLASS = YES_ERROR;
				CLANG_WARN_QUOTED_INCLUDE_IN_FRAMEWORK_HEADER = YES;
				CLANG_WARN_RANGE_LOOP_ANALYSIS = YES;
				CLANG_WARN_STRICT_PROTOTYPES = YES;
				CLANG_WARN_SUSPICIOUS_MOVE = YES;
				CLANG_WARN_UNGUARDED_AVAILABILITY = YES_AGGRESSIVE;
				CLANG_WARN_UNREACHABLE_CODE = YES;
				CLANG_WARN__DUPLICATE_METHOD_MATCH = YES;
				COPY_PHASE_STRIP = NO;
				DEBUG_INFORMATION_FORMAT = "dwarf-with-dsym";
				DEVELOPMENT_LANGUAGE = tr;
				ENABLE_NS_ASSERTIONS = NO;
				ENABLE_STRICT_OBJC_MSGSEND = YES;
				GCC_C_LANGUAGE_STANDARD = gnu11;
				GCC_NO_COMMON_BLOCKS = YES;
				GCC_WARN_64_TO_32_BIT_CONVERSION = YES;
				GCC_WARN_ABOUT_RETURN_TYPE = YES_ERROR;
				GCC_WARN_UNDECLARED_SELECTOR = YES;
				GCC_WARN_UNINITIALIZED_AUTOS = YES_AGGRESSIVE;
				GCC_WARN_UNUSED_FUNCTION = YES;
				GCC_WARN_UNUSED_VARIABLE = YES;
				IPHONEOS_DEPLOYMENT_TARGET = 27.0;
				LOCALIZATION_PREFERS_STRING_CATALOGS = YES;
				MTL_ENABLE_DEBUG_INFO = NO;
				MTL_FAST_MATH = YES;
				PRODUCT_NAME = "$(TARGET_NAME)";
				SDKROOT = iphoneos;
				SWIFT_APPROACHABLE_CONCURRENCY = YES;
				SWIFT_COMPILATION_MODE = wholemodule;
				SWIFT_DEFAULT_ACTOR_ISOLATION = MainActor;
				SWIFT_EMIT_LOC_STRINGS = YES;
				SWIFT_OPTIMIZATION_LEVEL = "-O";
				SWIFT_VERSION = 6.0;
			};
			name = Release;
		};
		4AC878CE25099BB0571AC6B9 /* Debug */ = {
			isa = XCBuildConfiguration;
			buildSettings = {
				ASSETCATALOG_COMPILER_APPICON_NAME = AppIcon;
				ASSETCATALOG_COMPILER_GLOBAL_ACCENT_COLOR_NAME = AccentColor;
				CODE_SIGN_ENTITLEMENTS = AileKasa/AileKasa.entitlements;
				CODE_SIGN_IDENTITY = "iPhone Developer";
				CODE_SIGN_STYLE = Automatic;
				CURRENT_PROJECT_VERSION = 1;
				GENERATE_INFOPLIST_FILE = YES;
				INFOPLIST_FILE = AileKasa/Info.plist;
				INFOPLIST_KEY_CFBundleDisplayName = "Aile Kasası";
				INFOPLIST_KEY_NSFaceIDUsageDescription = "Aile Kasası'nı açarken kimliğinizi doğrulamak için Face ID kullanılır.";
				INFOPLIST_KEY_UIApplicationSceneManifest_Generation = YES;
				INFOPLIST_KEY_UILaunchScreen_Generation = YES;
				INFOPLIST_KEY_UISupportedInterfaceOrientations = UIInterfaceOrientationPortrait;
				LD_RUNPATH_SEARCH_PATHS = (
					"$(inherited)",
					"@executable_path/Frameworks",
				);
				MARKETING_VERSION = 0.1.0;
				PRODUCT_BUNDLE_IDENTIFIER = com.yakupad.AileKasa;
				SDKROOT = iphoneos;
				TARGETED_DEVICE_FAMILY = 1;
			};
			name = Debug;
		};
		5F259605E7AA622D2051A12E /* Release */ = {
			isa = XCBuildConfiguration;
			buildSettings = {
				CODE_SIGN_ENTITLEMENTS = AileKasaWidget/AileKasaWidget.entitlements;
				CODE_SIGN_STYLE = Automatic;
				CURRENT_PROJECT_VERSION = 1;
				GENERATE_INFOPLIST_FILE = YES;
				INFOPLIST_FILE = AileKasaWidget/Info.plist;
				LD_RUNPATH_SEARCH_PATHS = (
					"$(inherited)",
					"@executable_path/Frameworks",
					"@executable_path/../../Frameworks",
				);
				MARKETING_VERSION = 0.1.0;
				PRODUCT_BUNDLE_IDENTIFIER = com.yakupad.AileKasa.Widget;
				SDKROOT = iphoneos;
				SKIP_INSTALL = YES;
				TARGETED_DEVICE_FAMILY = 1;
			};
			name = Release;
		};
		7AA51E530CA591B66ECDF719 /* Release */ = {
			isa = XCBuildConfiguration;
			buildSettings = {
				ASSETCATALOG_COMPILER_APPICON_NAME = AppIcon;
				ASSETCATALOG_COMPILER_GLOBAL_ACCENT_COLOR_NAME = AccentColor;
				CODE_SIGN_ENTITLEMENTS = AileKasa/AileKasa.entitlements;
				CODE_SIGN_IDENTITY = "iPhone Developer";
				CODE_SIGN_STYLE = Automatic;
				CURRENT_PROJECT_VERSION = 1;
				GENERATE_INFOPLIST_FILE = YES;
				INFOPLIST_FILE = AileKasa/Info.plist;
				INFOPLIST_KEY_CFBundleDisplayName = "Aile Kasası";
				INFOPLIST_KEY_NSFaceIDUsageDescription = "Aile Kasası'nı açarken kimliğinizi doğrulamak için Face ID kullanılır.";
				INFOPLIST_KEY_UIApplicationSceneManifest_Generation = YES;
				INFOPLIST_KEY_UILaunchScreen_Generation = YES;
				INFOPLIST_KEY_UISupportedInterfaceOrientations = UIInterfaceOrientationPortrait;
				LD_RUNPATH_SEARCH_PATHS = (
					"$(inherited)",
					"@executable_path/Frameworks",
				);
				MARKETING_VERSION = 0.1.0;
				PRODUCT_BUNDLE_IDENTIFIER = com.yakupad.AileKasa;
				SDKROOT = iphoneos;
				TARGETED_DEVICE_FAMILY = 1;
			};
			name = Release;
		};
		BFF6E1D3E3B0BEF4C4D8D1EE /* Debug */ = {
			isa = XCBuildConfiguration;
			buildSettings = {
				CODE_SIGN_ENTITLEMENTS = AileKasaWidget/AileKasaWidget.entitlements;
				CODE_SIGN_STYLE = Automatic;
				CURRENT_PROJECT_VERSION = 1;
				GENERATE_INFOPLIST_FILE = YES;
				INFOPLIST_FILE = AileKasaWidget/Info.plist;
				LD_RUNPATH_SEARCH_PATHS = (
					"$(inherited)",
					"@executable_path/Frameworks",
					"@executable_path/../../Frameworks",
				);
				MARKETING_VERSION = 0.1.0;
				PRODUCT_BUNDLE_IDENTIFIER = com.yakupad.AileKasa.Widget;
				SDKROOT = iphoneos;
				SKIP_INSTALL = YES;
				TARGETED_DEVICE_FAMILY = 1;
			};
			name = Debug;
		};
		C6233E5639244EB2C2E31B83 /* Debug */ = {
			isa = XCBuildConfiguration;
			buildSettings = {
				ALWAYS_SEARCH_USER_PATHS = NO;
				CLANG_ANALYZER_NONNULL = YES;
				CLANG_ANALYZER_NUMBER_OBJECT_CONVERSION = YES_AGGRESSIVE;
				CLANG_CXX_LANGUAGE_STANDARD = "gnu++14";
				CLANG_CXX_LIBRARY = "libc++";
				CLANG_ENABLE_MODULES = YES;
				CLANG_ENABLE_OBJC_ARC = YES;
				CLANG_ENABLE_OBJC_WEAK = YES;
				CLANG_WARN_BLOCK_CAPTURE_AUTORELEASING = YES;
				CLANG_WARN_BOOL_CONVERSION = YES;
				CLANG_WARN_COMMA = YES;
				CLANG_WARN_CONSTANT_CONVERSION = YES;
				CLANG_WARN_DEPRECATED_OBJC_IMPLEMENTATIONS = YES;
				CLANG_WARN_DIRECT_OBJC_ISA_USAGE = YES_ERROR;
				CLANG_WARN_DOCUMENTATION_COMMENTS = YES;
				CLANG_WARN_EMPTY_BODY = YES;
				CLANG_WARN_ENUM_CONVERSION = YES;
				CLANG_WARN_INFINITE_RECURSION = YES;
				CLANG_WARN_INT_CONVERSION = YES;
				CLANG_WARN_NON_LITERAL_NULL_CONVERSION = YES;
				CLANG_WARN_OBJC_IMPLICIT_RETAIN_SELF = YES;
				CLANG_WARN_OBJC_LITERAL_CONVERSION = YES;
				CLANG_WARN_OBJC_ROOT_CLASS = YES_ERROR;
				CLANG_WARN_QUOTED_INCLUDE_IN_FRAMEWORK_HEADER = YES;
				CLANG_WARN_RANGE_LOOP_ANALYSIS = YES;
				CLANG_WARN_STRICT_PROTOTYPES = YES;
				CLANG_WARN_SUSPICIOUS_MOVE = YES;
				CLANG_WARN_UNGUARDED_AVAILABILITY = YES_AGGRESSIVE;
				CLANG_WARN_UNREACHABLE_CODE = YES;
				CLANG_WARN__DUPLICATE_METHOD_MATCH = YES;
				COPY_PHASE_STRIP = NO;
				DEBUG_INFORMATION_FORMAT = dwarf;
				DEVELOPMENT_LANGUAGE = tr;
				ENABLE_STRICT_OBJC_MSGSEND = YES;
				ENABLE_TESTABILITY = YES;
				GCC_C_LANGUAGE_STANDARD = gnu11;
				GCC_DYNAMIC_NO_PIC = NO;
				GCC_NO_COMMON_BLOCKS = YES;
				GCC_OPTIMIZATION_LEVEL = 0;
				GCC_PREPROCESSOR_DEFINITIONS = (
					"$(inherited)",
					"DEBUG=1",
				);
				GCC_WARN_64_TO_32_BIT_CONVERSION = YES;
				GCC_WARN_ABOUT_RETURN_TYPE = YES_ERROR;
				GCC_WARN_UNDECLARED_SELECTOR = YES;
				GCC_WARN_UNINITIALIZED_AUTOS = YES_AGGRESSIVE;
				GCC_WARN_UNUSED_FUNCTION = YES;
				GCC_WARN_UNUSED_VARIABLE = YES;
				IPHONEOS_DEPLOYMENT_TARGET = 27.0;
				LOCALIZATION_PREFERS_STRING_CATALOGS = YES;
				MTL_ENABLE_DEBUG_INFO = INCLUDE_SOURCE;
				MTL_FAST_MATH = YES;
				ONLY_ACTIVE_ARCH = YES;
				PRODUCT_NAME = "$(TARGET_NAME)";
				SDKROOT = iphoneos;
				SWIFT_ACTIVE_COMPILATION_CONDITIONS = DEBUG;
				SWIFT_APPROACHABLE_CONCURRENCY = YES;
				SWIFT_DEFAULT_ACTOR_ISOLATION = MainActor;
				SWIFT_EMIT_LOC_STRINGS = YES;
				SWIFT_OPTIMIZATION_LEVEL = "-Onone";
				SWIFT_VERSION = 6.0;
			};
			name = Debug;
		};
		CCD286A43F255BC42DD64322 /* Release */ = {
			isa = XCBuildConfiguration;
			buildSettings = {
				BUNDLE_LOADER = "$(TEST_HOST)";
				GENERATE_INFOPLIST_FILE = YES;
				LD_RUNPATH_SEARCH_PATHS = (
					"$(inherited)",
					"@executable_path/Frameworks",
					"@loader_path/Frameworks",
				);
				PRODUCT_BUNDLE_IDENTIFIER = com.yakupad.AileKasaTests;
				SDKROOT = iphoneos;
				TARGETED_DEVICE_FAMILY = "1,2";
				TEST_HOST = "$(BUILT_PRODUCTS_DIR)/AileKasa.app/AileKasa";
			};
			name = Release;
		};
/* End XCBuildConfiguration section */

/* Begin XCConfigurationList section */
		B3DA2D6E501BCC39904EE923 /* Build configuration list for PBXNativeTarget "AileKasa" */ = {
			isa = XCConfigurationList;
			buildConfigurations = (
				4AC878CE25099BB0571AC6B9 /* Debug */,
				7AA51E530CA591B66ECDF719 /* Release */,
			);
			defaultConfigurationIsVisible = 0;
			defaultConfigurationName = Debug;
		};
		CF6FD114F2E27E9F0FB791F2 /* Build configuration list for PBXProject "AileKasa" */ = {
			isa = XCConfigurationList;
			buildConfigurations = (
				C6233E5639244EB2C2E31B83 /* Debug */,
				47A4BEB92475C10EDB6015B8 /* Release */,
			);
			defaultConfigurationIsVisible = 0;
			defaultConfigurationName = Debug;
		};
		D0994894CB81D615882BBFEB /* Build configuration list for PBXNativeTarget "AileKasaTests" */ = {
			isa = XCConfigurationList;
			buildConfigurations = (
				2FC80CC0D2FA3177B20EA742 /* Debug */,
				CCD286A43F255BC42DD64322 /* Release */,
			);
			defaultConfigurationIsVisible = 0;
			defaultConfigurationName = Debug;
		};
		FD5E6EECFDB4D90AFC65F188 /* Build configuration list for PBXNativeTarget "AileKasaWidget" */ = {
			isa = XCConfigurationList;
			buildConfigurations = (
				BFF6E1D3E3B0BEF4C4D8D1EE /* Debug */,
				5F259605E7AA622D2051A12E /* Release */,
			);
			defaultConfigurationIsVisible = 0;
			defaultConfigurationName = Debug;
		};
/* End XCConfigurationList section */

/* Begin XCVersionGroup section */
		1FED16E908139EE1CFA6D051 /* AileKasa.xcdatamodeld */ = {
			isa = XCVersionGroup;
			children = (
				84E6424CB96B8C22DA94C23F /* AileKasa 2.xcdatamodel */,
				28E63C32539B4258CAEB70F4 /* AileKasa.xcdatamodel */,
			);
			currentVersion = 84E6424CB96B8C22DA94C23F /* AileKasa 2.xcdatamodel */;
			path = AileKasa.xcdatamodeld;
			sourceTree = "<group>";
			versionGroupType = wrapper.xcdatamodel;
		};
/* End XCVersionGroup section */
	};
	rootObject = B66C6BFDA007F8FCC2C70479 /* Project object */;
}
